
Microsoft Visual Studio Solution File, Format Version 12.00
# Visual Studio Version 16
VisualStudioVersion = 16.0.30406.217
MinimumVisualStudioVersion = 10.0.40219.1
Project("{FAE04EC0-301F-11D3-BF4B-00C04F79EFBC}") = "DonApp-V1", "DonApp-V1.csproj", "{EBD615D5-69A5-457B-B37E-CC2B29FAD930}"
EndProject
Global
	GlobalSection(SolutionConfigurationPlatforms) = preSolution
		Debug|Any CPU = Debug|Any CPU
		Release|Any CPU = Release|Any CPU
	EndGlobalSection
	GlobalSection(ProjectConfigurationPlatforms) = postSolution
		{EBD615D5-69A5-457B-B37E-CC2B29FAD930}.Debug|Any CPU.ActiveCfg = Debug|Any CPU
		{EBD615D5-69A5-457B-B37E-CC2B29FAD930}.Debug|Any CPU.Build.0 = Debug|Any CPU
		{EBD615D5-69A5-457B-B37E-CC2B29FAD930}.Release|Any CPU.ActiveCfg = Release|Any CPU
		{EBD615D5-69A5-457B-B37E-CC2B29FAD930}.Release|Any CPU.Build.0 = Release|Any CPU
	EndGlobalSection
	GlobalSection(SolutionProperties) = preSolution
		HideSolutionNode = FALSE
	EndGlobalSection
	GlobalSection(ExtensibilityGlobals) = postSolution
		SolutionGuid = {4E885963-4013-457E-978A-F2AD8CA65000}
	EndGlobalSection
EndGlobal
